
Microsoft Visual Studio Solution File, Format Version 12.00
# Visual Studio Version 16
VisualStudioVersion = 16.0.30621.155
MinimumVisualStudioVersion = 10.0.40219.1
Project("{FAE04EC0-301F-11D3-BF4B-00C04F79EFBC}") = "Borealis Server Agent", "Borealis Server Agent.csproj", "{4884CDB1-4561-40DD-9906-F68BD81789CB}"
EndProject
Global
	GlobalSection(SolutionConfigurationPlatforms) = preSolution
		Debug|Any CPU = Debug|Any CPU
		Release|Any CPU = Release|Any CPU
	EndGlobalSection
	GlobalSection(ProjectConfigurationPlatforms) = postSolution
		{4884CDB1-4561-40DD-9906-F68BD81789CB}.Debug|Any CPU.ActiveCfg = Debug|Any CPU
		{4884CDB1-4561-40DD-9906-F68BD81789CB}.Debug|Any CPU.Build.0 = Debug|Any CPU
		{4884CDB1-4561-40DD-9906-F68BD81789CB}.Release|Any CPU.ActiveCfg = Release|Any CPU
		{4884CDB1-4561-40DD-9906-F68BD81789CB}.Release|Any CPU.Build.0 = Release|Any CPU
	EndGlobalSection
	GlobalSection(SolutionProperties) = preSolution
		HideSolutionNode = FALSE
	EndGlobalSection
	GlobalSection(ExtensibilityGlobals) = postSolution
		SolutionGuid = {F8D3C13B-DBB0-4208-8411-D3F12F130A31}
	EndGlobalSection
EndGlobal
