
Microsoft Visual Studio Solution File, Format Version 12.00
# Visual Studio Version 16
VisualStudioVersion = 16.0.30621.155
MinimumVisualStudioVersion = 10.0.40219.1
Project("{FAE04EC0-301F-11D3-BF4B-00C04F79EFBC}") = "Borealis_Agent", "Borealis_Agent.csproj", "{211CA91E-D8E5-4E0A-9518-2E62D5561E7B}"
EndProject
Global
	GlobalSection(SolutionConfigurationPlatforms) = preSolution
		Debug|Any CPU = Debug|Any CPU
		Release|Any CPU = Release|Any CPU
	EndGlobalSection
	GlobalSection(ProjectConfigurationPlatforms) = postSolution
		{211CA91E-D8E5-4E0A-9518-2E62D5561E7B}.Debug|Any CPU.ActiveCfg = Debug|Any CPU
		{211CA91E-D8E5-4E0A-9518-2E62D5561E7B}.Debug|Any CPU.Build.0 = Debug|Any CPU
		{211CA91E-D8E5-4E0A-9518-2E62D5561E7B}.Release|Any CPU.ActiveCfg = Release|Any CPU
		{211CA91E-D8E5-4E0A-9518-2E62D5561E7B}.Release|Any CPU.Build.0 = Release|Any CPU
	EndGlobalSection
	GlobalSection(SolutionProperties) = preSolution
		HideSolutionNode = FALSE
	EndGlobalSection
	GlobalSection(ExtensibilityGlobals) = postSolution
		SolutionGuid = {00EA5D4F-2A07-4E55-8D13-84E509BCD8CD}
	EndGlobalSection
EndGlobal
